
Microsoft Visual Studio Solution File, Format Version 12.00
# Visual Studio Version 16
VisualStudioVersion = 16.0.29509.3
MinimumVisualStudioVersion = 10.0.40219.1
Project("{FAE04EC0-301F-11D3-BF4B-00C04F79EFBC}") = "Produ.NetCoreWeb", "Produ.NetCoreWeb\Produ.NetCoreWeb.csproj", "{A780E543-0E60-4C25-A889-FADF08FB74E5}"
EndProject
Global
	GlobalSection(SolutionConfigurationPlatforms) = preSolution
		Debug|Any CPU = Debug|Any CPU
		Release|Any CPU = Release|Any CPU
	EndGlobalSection
	GlobalSection(ProjectConfigurationPlatforms) = postSolution
		{A780E543-0E60-4C25-A889-FADF08FB74E5}.Debug|Any CPU.ActiveCfg = Debug|Any CPU
		{A780E543-0E60-4C25-A889-FADF08FB74E5}.Debug|Any CPU.Build.0 = Debug|Any CPU
		{A780E543-0E60-4C25-A889-FADF08FB74E5}.Release|Any CPU.ActiveCfg = Release|Any CPU
		{A780E543-0E60-4C25-A889-FADF08FB74E5}.Release|Any CPU.Build.0 = Release|Any CPU
	EndGlobalSection
	GlobalSection(SolutionProperties) = preSolution
		HideSolutionNode = FALSE
	EndGlobalSection
	GlobalSection(ExtensibilityGlobals) = postSolution
		SolutionGuid = {D64BA040-DEDB-4596-AEB7-C6B09115916D}
	EndGlobalSection
EndGlobal
